
Microsoft Visual Studio Solution File, Format Version 12.00
# Visual Studio Version 16
VisualStudioVersion = 16.0.31605.320
MinimumVisualStudioVersion = 10.0.40219.1
Project("{FAE04EC0-301F-11D3-BF4B-00C04F79EFBC}") = "UnionDatabaseV1", "UnionDatabaseV1\UnionDatabaseV1.csproj", "{0A4C1C03-F89D-4D40-8E6D-DCD91FAF258E}"
EndProject
Global
	GlobalSection(SolutionConfigurationPlatforms) = preSolution
		Debug|Any CPU = Debug|Any CPU
		Release|Any CPU = Release|Any CPU
	EndGlobalSection
	GlobalSection(ProjectConfigurationPlatforms) = postSolution
		{0A4C1C03-F89D-4D40-8E6D-DCD91FAF258E}.Debug|Any CPU.ActiveCfg = Debug|Any CPU
		{0A4C1C03-F89D-4D40-8E6D-DCD91FAF258E}.Debug|Any CPU.Build.0 = Debug|Any CPU
		{0A4C1C03-F89D-4D40-8E6D-DCD91FAF258E}.Release|Any CPU.ActiveCfg = Release|Any CPU
		{0A4C1C03-F89D-4D40-8E6D-DCD91FAF258E}.Release|Any CPU.Build.0 = Release|Any CPU
	EndGlobalSection
	GlobalSection(SolutionProperties) = preSolution
		HideSolutionNode = FALSE
	EndGlobalSection
	GlobalSection(ExtensibilityGlobals) = postSolution
		EnterpriseLibraryConfigurationToolBinariesPath = packages\Unity.2.1.505.0\lib\NET35
		SolutionGuid = {AEB9E056-782A-4EB1-BE6C-86E0677C4D49}
	EndGlobalSection
EndGlobal
